
Microsoft Visual Studio Solution File, Format Version 12.00
# Visual Studio Version 16
VisualStudioVersion = 16.0.33423.256
MinimumVisualStudioVersion = 10.0.40219.1
Project("{00D1A9C2-B5F0-4AF3-8072-F6C62B433612}") = "Adventureworks2017_CICD", "Adventureworks2017_CICD\Adventureworks2017_CICD.sqlproj", "{8AE727D5-4745-427F-912C-2D3423A0644A}"
EndProject
Global
	GlobalSection(SolutionConfigurationPlatforms) = preSolution
		Debug|Any CPU = Debug|Any CPU
		Release|Any CPU = Release|Any CPU
	EndGlobalSection
	GlobalSection(ProjectConfigurationPlatforms) = postSolution
		{8AE727D5-4745-427F-912C-2D3423A0644A}.Debug|Any CPU.ActiveCfg = Debug|Any CPU
		{8AE727D5-4745-427F-912C-2D3423A0644A}.Debug|Any CPU.Build.0 = Debug|Any CPU
		{8AE727D5-4745-427F-912C-2D3423A0644A}.Debug|Any CPU.Deploy.0 = Debug|Any CPU
		{8AE727D5-4745-427F-912C-2D3423A0644A}.Release|Any CPU.ActiveCfg = Release|Any CPU
		{8AE727D5-4745-427F-912C-2D3423A0644A}.Release|Any CPU.Build.0 = Release|Any CPU
		{8AE727D5-4745-427F-912C-2D3423A0644A}.Release|Any CPU.Deploy.0 = Release|Any CPU
	EndGlobalSection
	GlobalSection(SolutionProperties) = preSolution
		HideSolutionNode = FALSE
	EndGlobalSection
	GlobalSection(ExtensibilityGlobals) = postSolution
		SolutionGuid = {EDAF8140-1466-4F76-83AC-9F29745CC2B1}
	EndGlobalSection
EndGlobal
